
Microsoft Visual Studio Solution File, Format Version 12.00
# Visual Studio Version 17
VisualStudioVersion = 17.1.32210.238
MinimumVisualStudioVersion = 10.0.40219.1
Project("{8BC9CEB8-8B4A-11D0-8D11-00A0C91BC942}") = "War3Tool", "War3Tool\War3Tool.vcxproj", "{64620D4C-76A3-4F1A-8434-895534B67554}"
EndProject
Global
	GlobalSection(SolutionConfigurationPlatforms) = preSolution
		Debug|x64 = Debug|x64
		Debug|x86 = Debug|x86
		Release|x64 = Release|x64
		Release|x86 = Release|x86
	EndGlobalSection
	GlobalSection(ProjectConfigurationPlatforms) = postSolution
		{64620D4C-76A3-4F1A-8434-895534B67554}.Debug|x64.ActiveCfg = Debug|x64
		{64620D4C-76A3-4F1A-8434-895534B67554}.Debug|x64.Build.0 = Debug|x64
		{64620D4C-76A3-4F1A-8434-895534B67554}.Debug|x86.ActiveCfg = Debug|Win32
		{64620D4C-76A3-4F1A-8434-895534B67554}.Debug|x86.Build.0 = Debug|Win32
		{64620D4C-76A3-4F1A-8434-895534B67554}.Release|x64.ActiveCfg = Release|x64
		{64620D4C-76A3-4F1A-8434-895534B67554}.Release|x64.Build.0 = Release|x64
		{64620D4C-76A3-4F1A-8434-895534B67554}.Release|x86.ActiveCfg = Release|Win32
		{64620D4C-76A3-4F1A-8434-895534B67554}.Release|x86.Build.0 = Release|Win32
	EndGlobalSection
	GlobalSection(SolutionProperties) = preSolution
		HideSolutionNode = FALSE
	EndGlobalSection
	GlobalSection(ExtensibilityGlobals) = postSolution
		SolutionGuid = {978E6B02-7518-4ED8-AEF0-028189056D78}
	EndGlobalSection
EndGlobal
